
Microsoft Visual Studio Solution File, Format Version 12.00
# Visual Studio Version 17
VisualStudioVersion = 17.0.31815.197
MinimumVisualStudioVersion = 10.0.40219.1
Project("{FAE04EC0-301F-11D3-BF4B-00C04F79EFBC}") = "TournamentSystem", "TournamentSystem.csproj", "{13082ED2-61AD-48EF-AF4F-AAD3481F73E1}"
EndProject
Project("{FAE04EC0-301F-11D3-BF4B-00C04F79EFBC}") = "TournamentSystem.Database", "..\TournamentSystem.Database\TournamentSystem.Database.csproj", "{80863F04-BF84-4868-A840-135F638771A1}"
EndProject
Project("{FAE04EC0-301F-11D3-BF4B-00C04F79EFBC}") = "TournamentSystem.Core", "..\TournamentSystem.Core\TournamentSystem.Core.csproj", "{25C38460-1CBB-42CD-ABE7-D24CDF3503A6}"
EndProject
Global
	GlobalSection(SolutionConfigurationPlatforms) = preSolution
		Debug|Any CPU = Debug|Any CPU
		Release|Any CPU = Release|Any CPU
	EndGlobalSection
	GlobalSection(ProjectConfigurationPlatforms) = postSolution
		{13082ED2-61AD-48EF-AF4F-AAD3481F73E1}.Debug|Any CPU.ActiveCfg = Debug|Any CPU
		{13082ED2-61AD-48EF-AF4F-AAD3481F73E1}.Debug|Any CPU.Build.0 = Debug|Any CPU
		{13082ED2-61AD-48EF-AF4F-AAD3481F73E1}.Release|Any CPU.ActiveCfg = Release|Any CPU
		{13082ED2-61AD-48EF-AF4F-AAD3481F73E1}.Release|Any CPU.Build.0 = Release|Any CPU
		{80863F04-BF84-4868-A840-135F638771A1}.Debug|Any CPU.ActiveCfg = Debug|Any CPU
		{80863F04-BF84-4868-A840-135F638771A1}.Debug|Any CPU.Build.0 = Debug|Any CPU
		{80863F04-BF84-4868-A840-135F638771A1}.Release|Any CPU.ActiveCfg = Release|Any CPU
		{80863F04-BF84-4868-A840-135F638771A1}.Release|Any CPU.Build.0 = Release|Any CPU
		{25C38460-1CBB-42CD-ABE7-D24CDF3503A6}.Debug|Any CPU.ActiveCfg = Debug|Any CPU
		{25C38460-1CBB-42CD-ABE7-D24CDF3503A6}.Debug|Any CPU.Build.0 = Debug|Any CPU
		{25C38460-1CBB-42CD-ABE7-D24CDF3503A6}.Release|Any CPU.ActiveCfg = Release|Any CPU
		{25C38460-1CBB-42CD-ABE7-D24CDF3503A6}.Release|Any CPU.Build.0 = Release|Any CPU
	EndGlobalSection
	GlobalSection(SolutionProperties) = preSolution
		HideSolutionNode = FALSE
	EndGlobalSection
	GlobalSection(ExtensibilityGlobals) = postSolution
		SolutionGuid = {7851D930-8742-4790-9B63-36E73706947F}
	EndGlobalSection
EndGlobal
